<?xml version="1.0" encoding="UTF-8" standalone="yes" ?>
<CodeBlocks_project_file>
	<FileVersion major="1" minor="6" />
	<Project>
		<Option title="thinker" />
		<Option pch_mode="2" />
		<Option compiler="gcc" />
		<Build>
			<Target title="Debug">
				<Option output="build/bin/debug/thinker" prefix_auto="1" extension_auto="1" />
				<Option working_dir="patch" />
				<Option object_output="build/obj/debug/" />
				<Option type="3" />
				<Option compiler="gcc" />
				<Option host_application="terranx_mod.exe" />
				<Option run_host_application_in_terminal="0" />
				<Option createDefFile="1" />
				<Option createStaticLib="1" />
				<Compiler>
					<Add option="-g -Og" />
					<Add option="-DBUILD_DLL" />
					<Add option="-DBUILD_DEBUG" />
				</Compiler>
			</Target>
			<Target title="Develop">
				<Option output="build/bin/develop/thinker" prefix_auto="1" extension_auto="1" />
				<Option working_dir="patch" />
				<Option object_output="build/obj/develop/" />
				<Option type="3" />
				<Option compiler="gcc" />
				<Option host_application="terranx_mod.exe" />
				<Option run_host_application_in_terminal="0" />
				<Option createDefFile="1" />
				<Option createStaticLib="1" />
				<Compiler>
					<Add option="-O2 -fno-common -fno-strict-overflow -fno-strict-aliasing -fno-delete-null-pointer-checks -fno-optimize-sibling-calls" />
					<Add option="-DBUILD_DLL" />
				</Compiler>
				<Linker>
					<Add option="-s -static" />
				</Linker>
			</Target>
			<Target title="Release">
				<Option output="build/bin/release/thinker" prefix_auto="1" extension_auto="1" />
				<Option working_dir="patch" />
				<Option object_output="build/obj/release/" />
				<Option type="3" />
				<Option compiler="gcc" />
				<Option host_application="terranx_mod.exe" />
				<Option run_host_application_in_terminal="0" />
				<Option createDefFile="1" />
				<Option createStaticLib="1" />
				<Compiler>
					<Add option="-O2 -fno-common -fno-strict-overflow -fno-strict-aliasing -fno-delete-null-pointer-checks -fno-optimize-sibling-calls" />
					<Add option="-DBUILD_DLL" />
					<Add option="-DBUILD_REL" />
				</Compiler>
				<Linker>
					<Add option="-s -static" />
				</Linker>
			</Target>
		</Build>
		<Compiler>
			<Add option="-std=c++11 -march=pentium4 -mtune=generic -pedantic -Wall -Wextra -Wshadow -Wundef -Wuseless-cast -Wpointer-arith -Wfloat-conversion" />
		</Compiler>
		<Linker>
			<Add library="user32" />
			<Add library="winmm" />
			<Add library="gdi32" />
			<Add library="psapi" />
		</Linker>
		<ExtraCommands>
			<Add after='cmd /c copy &quot;$(PROJECT_DIR)$(TARGET_OUTPUT_FILE)&quot; patch\' />
		</ExtraCommands>
		<Unit filename="src/base.cpp" />
		<Unit filename="src/base.h" />
		<Unit filename="src/build.cpp" />
		<Unit filename="src/build.h" />
		<Unit filename="src/config.cpp" />
		<Unit filename="src/config.h" />
		<Unit filename="src/debug.cpp" />
		<Unit filename="src/debug.h" />
		<Unit filename="src/engine.cpp" />
		<Unit filename="src/engine.h" />
		<Unit filename="src/engine_base.h" />
		<Unit filename="src/engine_enums.h" />
		<Unit filename="src/engine_types.h" />
		<Unit filename="src/engine_veh.h" />
		<Unit filename="src/engine_win.h" />
		<Unit filename="src/faction.cpp" />
		<Unit filename="src/faction.h" />
		<Unit filename="src/game.cpp" />
		<Unit filename="src/game.h" />
		<Unit filename="src/goal.cpp" />
		<Unit filename="src/goal.h" />
		<Unit filename="src/gui.cpp" />
		<Unit filename="src/gui.h" />
		<Unit filename="src/gui_dialog.cpp" />
		<Unit filename="src/gui_dialog.h" />
		<Unit filename="src/lib/FastNoiseLite.h" />
		<Unit filename="src/lib/ini.c">
			<Option compilerVar="CPP" />
		</Unit>
		<Unit filename="src/lib/ini.h" />
		<Unit filename="src/main.cpp" />
		<Unit filename="src/main.h" />
		<Unit filename="src/map.cpp" />
		<Unit filename="src/map.h" />
		<Unit filename="src/move.cpp" />
		<Unit filename="src/move.h" />
		<Unit filename="src/patch.cpp" />
		<Unit filename="src/patch.h" />
		<Unit filename="src/patchdata.h" />
		<Unit filename="src/path.cpp" />
		<Unit filename="src/path.h" />
		<Unit filename="src/plan.cpp" />
		<Unit filename="src/plan.h" />
		<Unit filename="src/probe.cpp" />
		<Unit filename="src/probe.h" />
		<Unit filename="src/random.cpp" />
		<Unit filename="src/random.h" />
		<Unit filename="src/strings.cpp" />
		<Unit filename="src/strings.h" />
		<Unit filename="src/tech.cpp" />
		<Unit filename="src/tech.h" />
		<Unit filename="src/test.cpp" />
		<Unit filename="src/test.h" />
		<Unit filename="src/veh.cpp" />
		<Unit filename="src/veh.h" />
		<Unit filename="src/veh_combat.cpp" />
		<Unit filename="src/veh_combat.h" />
		<Extensions>
			<lib_finder disable_auto="1" />
		</Extensions>
	</Project>
</CodeBlocks_project_file>
